// !$*UTF8*$!
{
	archiveVersion = 1;
	classes = {
	};
	objectVersion = 56;
	objects = {

/* Begin PBXBuildFile section */
		5945F0ED2B2CEE540011BC2F /* AppDelegate.swift in Sources */ = {isa = PBXBuildFile; fileRef = 5945F0EC2B2CEE540011BC2F /* AppDelegate.swift */; };
		5945F0EF2B2CEE540011BC2F /* SceneDelegate.swift in Sources */ = {isa = PBXBuildFile; fileRef = 5945F0EE2B2CEE540011BC2F /* SceneDelegate.swift */; };
		5945F0F12B2CEE540011BC2F /* HomeBooksViewController.swift in Sources */ = {isa = PBXBuildFile; fileRef = 5945F0F02B2CEE540011BC2F /* HomeBooksViewController.swift */; };
		5945F0F92B2CEE550011BC2F /* Assets.xcassets in Resources */ = {isa = PBXBuildFile; fileRef = 5945F0F82B2CEE550011BC2F /* Assets.xcassets */; };
		5945F0FC2B2CEE550011BC2F /* LaunchScreen.storyboard in Resources */ = {isa = PBXBuildFile; fileRef = 5945F0FA2B2CEE550011BC2F /* LaunchScreen.storyboard */; };
		5945F1072B2CEE550011BC2F /* BookstasticTests.swift in Sources */ = {isa = PBXBuildFile; fileRef = 5945F1062B2CEE550011BC2F /* BookstasticTests.swift */; };
		5945F1112B2CEE550011BC2F /* BookstasticUITests.swift in Sources */ = {isa = PBXBuildFile; fileRef = 5945F1102B2CEE550011BC2F /* BookstasticUITests.swift */; };
		5945F1132B2CEE550011BC2F /* BookstasticUITestsLaunchTests.swift in Sources */ = {isa = PBXBuildFile; fileRef = 5945F1122B2CEE550011BC2F /* BookstasticUITestsLaunchTests.swift */; };
		5945F1292B2D04040011BC2F /* HomeBooksSceneBuilder.swift in Sources */ = {isa = PBXBuildFile; fileRef = 5945F1282B2D04040011BC2F /* HomeBooksSceneBuilder.swift */; };
		5945F12B2B2D06D90011BC2F /* HomeBooksViewModel.swift in Sources */ = {isa = PBXBuildFile; fileRef = 5945F12A2B2D06D90011BC2F /* HomeBooksViewModel.swift */; };
		5945F12D2B2D06E20011BC2F /* HomeBooksViewModelProtocol.swift in Sources */ = {isa = PBXBuildFile; fileRef = 5945F12C2B2D06E20011BC2F /* HomeBooksViewModelProtocol.swift */; };
		5945F12F2B2D07110011BC2F /* HomeBooksUseCase.swift in Sources */ = {isa = PBXBuildFile; fileRef = 5945F12E2B2D07110011BC2F /* HomeBooksUseCase.swift */; };
		5945F1312B2D07170011BC2F /* HomeBooksUseCaseProtocol.swift in Sources */ = {isa = PBXBuildFile; fileRef = 5945F1302B2D07170011BC2F /* HomeBooksUseCaseProtocol.swift */; };
		5945F1332B2D078C0011BC2F /* HomeBooksRepository.swift in Sources */ = {isa = PBXBuildFile; fileRef = 5945F1322B2D078C0011BC2F /* HomeBooksRepository.swift */; };
		5945F1352B2D07980011BC2F /* HomeBooksRepositoryProtocol.swift in Sources */ = {isa = PBXBuildFile; fileRef = 5945F1342B2D07980011BC2F /* HomeBooksRepositoryProtocol.swift */; };
		5945F1372B2D2F830011BC2F /* HomeBooksViewModelInput.swift in Sources */ = {isa = PBXBuildFile; fileRef = 5945F1362B2D2F830011BC2F /* HomeBooksViewModelInput.swift */; };
		5945F1392B2D2F8D0011BC2F /* HomeBooksViewModelOutput.swift in Sources */ = {isa = PBXBuildFile; fileRef = 5945F1382B2D2F8D0011BC2F /* HomeBooksViewModelOutput.swift */; };
		5945F13C2B2D353B0011BC2F /* Book.swift in Sources */ = {isa = PBXBuildFile; fileRef = 5945F13B2B2D353B0011BC2F /* Book.swift */; };
		5945F13F2B2D3BA70011BC2F /* ApiRest.swift in Sources */ = {isa = PBXBuildFile; fileRef = 5945F13E2B2D3BA70011BC2F /* ApiRest.swift */; };
		5945F1412B2D3D4B0011BC2F /* Bookstastic.swift in Sources */ = {isa = PBXBuildFile; fileRef = 5945F1402B2D3D4B0011BC2F /* Bookstastic.swift */; };
		5945F1432B2D65E60011BC2F /* BookTableViewCell.swift in Sources */ = {isa = PBXBuildFile; fileRef = 5945F1422B2D65E60011BC2F /* BookTableViewCell.swift */; };
		5945F1452B2D6F480011BC2F /* BookInfoView.swift in Sources */ = {isa = PBXBuildFile; fileRef = 5945F1442B2D6F480011BC2F /* BookInfoView.swift */; };
		5945F14B2B30F6310011BC2F /* PagingView.swift in Sources */ = {isa = PBXBuildFile; fileRef = 5945F14A2B30F6310011BC2F /* PagingView.swift */; };
		5945F14F2B3127120011BC2F /* BookDetailViewController.swift in Sources */ = {isa = PBXBuildFile; fileRef = 5945F14E2B3127120011BC2F /* BookDetailViewController.swift */; };
		5945F1532B3127960011BC2F /* BookDetailViewModelProtocol.swift in Sources */ = {isa = PBXBuildFile; fileRef = 5945F1522B3127960011BC2F /* BookDetailViewModelProtocol.swift */; };
		5945F1552B31279D0011BC2F /* BookDetailViewModel.swift in Sources */ = {isa = PBXBuildFile; fileRef = 5945F1542B31279D0011BC2F /* BookDetailViewModel.swift */; };
		5945F1572B3128220011BC2F /* BookDetailViewModelInput.swift in Sources */ = {isa = PBXBuildFile; fileRef = 5945F1562B3128220011BC2F /* BookDetailViewModelInput.swift */; };
		5945F1592B31282D0011BC2F /* BookDetailViewModelOutput.swift in Sources */ = {isa = PBXBuildFile; fileRef = 5945F1582B31282D0011BC2F /* BookDetailViewModelOutput.swift */; };
		5945F15B2B3128440011BC2F /* BookDetailUseCaseProtocol.swift in Sources */ = {isa = PBXBuildFile; fileRef = 5945F15A2B3128440011BC2F /* BookDetailUseCaseProtocol.swift */; };
		5945F15D2B31284F0011BC2F /* BookDetailUseCase.swift in Sources */ = {isa = PBXBuildFile; fileRef = 5945F15C2B31284F0011BC2F /* BookDetailUseCase.swift */; };
		5945F1612B3128D90011BC2F /* BookDetailSceneBuilder.swift in Sources */ = {isa = PBXBuildFile; fileRef = 5945F1602B3128D90011BC2F /* BookDetailSceneBuilder.swift */; };
		5945F1632B3129100011BC2F /* BookDetailRepository.swift in Sources */ = {isa = PBXBuildFile; fileRef = 5945F1622B3129100011BC2F /* BookDetailRepository.swift */; };
		5945F1652B3129200011BC2F /* BookDetailRepositoryProtocol.swift in Sources */ = {isa = PBXBuildFile; fileRef = 5945F1642B3129200011BC2F /* BookDetailRepositoryProtocol.swift */; };
		5945F1672B3132C80011BC2F /* DetailBookView.swift in Sources */ = {isa = PBXBuildFile; fileRef = 5945F1662B3132C80011BC2F /* DetailBookView.swift */; };
		5945F1692B314C9E0011BC2F /* FavoriteHeaderFooterView.swift in Sources */ = {isa = PBXBuildFile; fileRef = 5945F1682B314C9E0011BC2F /* FavoriteHeaderFooterView.swift */; };
		5945F16C2B3152030011BC2F /* Bookstastic.xcdatamodeld in Sources */ = {isa = PBXBuildFile; fileRef = 5945F16A2B3152030011BC2F /* Bookstastic.xcdatamodeld */; };
/* End PBXBuildFile section */

/* Begin PBXContainerItemProxy section */
		5945F1032B2CEE550011BC2F /* PBXContainerItemProxy */ = {
			isa = PBXContainerItemProxy;
			containerPortal = 5945F0E12B2CEE530011BC2F /* Project object */;
			proxyType = 1;
			remoteGlobalIDString = 5945F0E82B2CEE540011BC2F;
			remoteInfo = Bookstastic;
		};
		5945F10D2B2CEE550011BC2F /* PBXContainerItemProxy */ = {
			isa = PBXContainerItemProxy;
			containerPortal = 5945F0E12B2CEE530011BC2F /* Project object */;
			proxyType = 1;
			remoteGlobalIDString = 5945F0E82B2CEE540011BC2F;
			remoteInfo = Bookstastic;
		};
/* End PBXContainerItemProxy section */

/* Begin PBXFileReference section */
		5945F0E92B2CEE540011BC2F /* Bookstastic.app */ = {isa = PBXFileReference; explicitFileType = wrapper.application; includeInIndex = 0; path = Bookstastic.app; sourceTree = BUILT_PRODUCTS_DIR; };
		5945F0EC2B2CEE540011BC2F /* AppDelegate.swift */ = {isa = PBXFileReference; lastKnownFileType = sourcecode.swift; path = AppDelegate.swift; sourceTree = "<group>"; };
		5945F0EE2B2CEE540011BC2F /* SceneDelegate.swift */ = {isa = PBXFileReference; lastKnownFileType = sourcecode.swift; path = SceneDelegate.swift; sourceTree = "<group>"; };
		5945F0F02B2CEE540011BC2F /* HomeBooksViewController.swift */ = {isa = PBXFileReference; lastKnownFileType = sourcecode.swift; path = HomeBooksViewController.swift; sourceTree = "<group>"; };
		5945F0F82B2CEE550011BC2F /* Assets.xcassets */ = {isa = PBXFileReference; lastKnownFileType = folder.assetcatalog; path = Assets.xcassets; sourceTree = "<group>"; };
		5945F0FB2B2CEE550011BC2F /* Base */ = {isa = PBXFileReference; lastKnownFileType = file.storyboard; name = Base; path = Base.lproj/LaunchScreen.storyboard; sourceTree = "<group>"; };
		5945F0FD2B2CEE550011BC2F /* Info.plist */ = {isa = PBXFileReference; lastKnownFileType = text.plist.xml; path = Info.plist; sourceTree = "<group>"; };
		5945F1022B2CEE550011BC2F /* BookstasticTests.xctest */ = {isa = PBXFileReference; explicitFileType = wrapper.cfbundle; includeInIndex = 0; path = BookstasticTests.xctest; sourceTree = BUILT_PRODUCTS_DIR; };
		5945F1062B2CEE550011BC2F /* BookstasticTests.swift */ = {isa = PBXFileReference; lastKnownFileType = sourcecode.swift; path = BookstasticTests.swift; sourceTree = "<group>"; };
		5945F10C2B2CEE550011BC2F /* BookstasticUITests.xctest */ = {isa = PBXFileReference; explicitFileType = wrapper.cfbundle; includeInIndex = 0; path = BookstasticUITests.xctest; sourceTree = BUILT_PRODUCTS_DIR; };
		5945F1102B2CEE550011BC2F /* BookstasticUITests.swift */ = {isa = PBXFileReference; lastKnownFileType = sourcecode.swift; path = BookstasticUITests.swift; sourceTree = "<group>"; };
		5945F1122B2CEE550011BC2F /* BookstasticUITestsLaunchTests.swift */ = {isa = PBXFileReference; lastKnownFileType = sourcecode.swift; path = BookstasticUITestsLaunchTests.swift; sourceTree = "<group>"; };
		5945F1282B2D04040011BC2F /* HomeBooksSceneBuilder.swift */ = {isa = PBXFileReference; lastKnownFileType = sourcecode.swift; path = HomeBooksSceneBuilder.swift; sourceTree = SOURCE_ROOT; };
		5945F12A2B2D06D90011BC2F /* HomeBooksViewModel.swift */ = {isa = PBXFileReference; lastKnownFileType = sourcecode.swift; path = HomeBooksViewModel.swift; sourceTree = "<group>"; };
		5945F12C2B2D06E20011BC2F /* HomeBooksViewModelProtocol.swift */ = {isa = PBXFileReference; lastKnownFileType = sourcecode.swift; path = HomeBooksViewModelProtocol.swift; sourceTree = "<group>"; };
		5945F12E2B2D07110011BC2F /* HomeBooksUseCase.swift */ = {isa = PBXFileReference; lastKnownFileType = sourcecode.swift; path = HomeBooksUseCase.swift; sourceTree = "<group>"; };
		5945F1302B2D07170011BC2F /* HomeBooksUseCaseProtocol.swift */ = {isa = PBXFileReference; lastKnownFileType = sourcecode.swift; path = HomeBooksUseCaseProtocol.swift; sourceTree = "<group>"; };
		5945F1322B2D078C0011BC2F /* HomeBooksRepository.swift */ = {isa = PBXFileReference; lastKnownFileType = sourcecode.swift; path = HomeBooksRepository.swift; sourceTree = "<group>"; };
		5945F1342B2D07980011BC2F /* HomeBooksRepositoryProtocol.swift */ = {isa = PBXFileReference; lastKnownFileType = sourcecode.swift; path = HomeBooksRepositoryProtocol.swift; sourceTree = "<group>"; };
		5945F1362B2D2F830011BC2F /* HomeBooksViewModelInput.swift */ = {isa = PBXFileReference; lastKnownFileType = sourcecode.swift; path = HomeBooksViewModelInput.swift; sourceTree = "<group>"; };
		5945F1382B2D2F8D0011BC2F /* HomeBooksViewModelOutput.swift */ = {isa = PBXFileReference; lastKnownFileType = sourcecode.swift; path = HomeBooksViewModelOutput.swift; sourceTree = "<group>"; };
		5945F13B2B2D353B0011BC2F /* Book.swift */ = {isa = PBXFileReference; lastKnownFileType = sourcecode.swift; path = Book.swift; sourceTree = "<group>"; };
		5945F13E2B2D3BA70011BC2F /* ApiRest.swift */ = {isa = PBXFileReference; lastKnownFileType = sourcecode.swift; path = ApiRest.swift; sourceTree = "<group>"; };
		5945F1402B2D3D4B0011BC2F /* Bookstastic.swift */ = {isa = PBXFileReference; lastKnownFileType = sourcecode.swift; path = Bookstastic.swift; sourceTree = "<group>"; };
		5945F1422B2D65E60011BC2F /* BookTableViewCell.swift */ = {isa = PBXFileReference; lastKnownFileType = sourcecode.swift; path = BookTableViewCell.swift; sourceTree = "<group>"; };
		5945F1442B2D6F480011BC2F /* BookInfoView.swift */ = {isa = PBXFileReference; lastKnownFileType = sourcecode.swift; path = BookInfoView.swift; sourceTree = "<group>"; };
		5945F14A2B30F6310011BC2F /* PagingView.swift */ = {isa = PBXFileReference; lastKnownFileType = sourcecode.swift; path = PagingView.swift; sourceTree = "<group>"; };
		5945F14E2B3127120011BC2F /* BookDetailViewController.swift */ = {isa = PBXFileReference; lastKnownFileType = sourcecode.swift; path = BookDetailViewController.swift; sourceTree = "<group>"; };
		5945F1522B3127960011BC2F /* BookDetailViewModelProtocol.swift */ = {isa = PBXFileReference; lastKnownFileType = sourcecode.swift; path = BookDetailViewModelProtocol.swift; sourceTree = "<group>"; };
		5945F1542B31279D0011BC2F /* BookDetailViewModel.swift */ = {isa = PBXFileReference; lastKnownFileType = sourcecode.swift; path = BookDetailViewModel.swift; sourceTree = "<group>"; };
		5945F1562B3128220011BC2F /* BookDetailViewModelInput.swift */ = {isa = PBXFileReference; lastKnownFileType = sourcecode.swift; path = BookDetailViewModelInput.swift; sourceTree = "<group>"; };
		5945F1582B31282D0011BC2F /* BookDetailViewModelOutput.swift */ = {isa = PBXFileReference; lastKnownFileType = sourcecode.swift; path = BookDetailViewModelOutput.swift; sourceTree = "<group>"; };
		5945F15A2B3128440011BC2F /* BookDetailUseCaseProtocol.swift */ = {isa = PBXFileReference; lastKnownFileType = sourcecode.swift; path = BookDetailUseCaseProtocol.swift; sourceTree = "<group>"; };
		5945F15C2B31284F0011BC2F /* BookDetailUseCase.swift */ = {isa = PBXFileReference; lastKnownFileType = sourcecode.swift; path = BookDetailUseCase.swift; sourceTree = "<group>"; };
		5945F1602B3128D90011BC2F /* BookDetailSceneBuilder.swift */ = {isa = PBXFileReference; lastKnownFileType = sourcecode.swift; path = BookDetailSceneBuilder.swift; sourceTree = "<group>"; };
		5945F1622B3129100011BC2F /* BookDetailRepository.swift */ = {isa = PBXFileReference; lastKnownFileType = sourcecode.swift; path = BookDetailRepository.swift; sourceTree = "<group>"; };
		5945F1642B3129200011BC2F /* BookDetailRepositoryProtocol.swift */ = {isa = PBXFileReference; lastKnownFileType = sourcecode.swift; path = BookDetailRepositoryProtocol.swift; sourceTree = "<group>"; };
		5945F1662B3132C80011BC2F /* DetailBookView.swift */ = {isa = PBXFileReference; lastKnownFileType = sourcecode.swift; path = DetailBookView.swift; sourceTree = "<group>"; };
		5945F1682B314C9E0011BC2F /* FavoriteHeaderFooterView.swift */ = {isa = PBXFileReference; lastKnownFileType = sourcecode.swift; path = FavoriteHeaderFooterView.swift; sourceTree = "<group>"; };
		5945F16B2B3152030011BC2F /* Bookstastic.xcdatamodel */ = {isa = PBXFileReference; lastKnownFileType = wrapper.xcdatamodel; path = Bookstastic.xcdatamodel; sourceTree = "<group>"; };
/* End PBXFileReference section */

/* Begin PBXFrameworksBuildPhase section */
		5945F0E62B2CEE540011BC2F /* Frameworks */ = {
			isa = PBXFrameworksBuildPhase;
			buildActionMask = 2147483647;
			files = (
			);
			runOnlyForDeploymentPostprocessing = 0;
		};
		5945F0FF2B2CEE550011BC2F /* Frameworks */ = {
			isa = PBXFrameworksBuildPhase;
			buildActionMask = 2147483647;
			files = (
			);
			runOnlyForDeploymentPostprocessing = 0;
		};
		5945F1092B2CEE550011BC2F /* Frameworks */ = {
			isa = PBXFrameworksBuildPhase;
			buildActionMask = 2147483647;
			files = (
			);
			runOnlyForDeploymentPostprocessing = 0;
		};
/* End PBXFrameworksBuildPhase section */

/* Begin PBXGroup section */
		5945F0E02B2CEE530011BC2F = {
			isa = PBXGroup;
			children = (
				5945F0EB2B2CEE540011BC2F /* Bookstastic */,
				5945F1052B2CEE550011BC2F /* BookstasticTests */,
				5945F10F2B2CEE550011BC2F /* BookstasticUITests */,
				5945F0EA2B2CEE540011BC2F /* Products */,
			);
			sourceTree = "<group>";
		};
		5945F0EA2B2CEE540011BC2F /* Products */ = {
			isa = PBXGroup;
			children = (
				5945F0E92B2CEE540011BC2F /* Bookstastic.app */,
				5945F1022B2CEE550011BC2F /* BookstasticTests.xctest */,
				5945F10C2B2CEE550011BC2F /* BookstasticUITests.xctest */,
			);
			name = Products;
			sourceTree = "<group>";
		};
		5945F0EB2B2CEE540011BC2F /* Bookstastic */ = {
			isa = PBXGroup;
			children = (
				5945F13D2B2D3B980011BC2F /* Network */,
				5945F13A2B2D30640011BC2F /* Models */,
				5945F11F2B2CFCD50011BC2F /* Modules */,
				5945F0EC2B2CEE540011BC2F /* AppDelegate.swift */,
				5945F0EE2B2CEE540011BC2F /* SceneDelegate.swift */,
				5945F0F82B2CEE550011BC2F /* Assets.xcassets */,
				5945F0FA2B2CEE550011BC2F /* LaunchScreen.storyboard */,
				5945F16A2B3152030011BC2F /* Bookstastic.xcdatamodeld */,
				5945F0FD2B2CEE550011BC2F /* Info.plist */,
			);
			path = Bookstastic;
			sourceTree = "<group>";
		};
		5945F1052B2CEE550011BC2F /* BookstasticTests */ = {
			isa = PBXGroup;
			children = (
				5945F1062B2CEE550011BC2F /* BookstasticTests.swift */,
			);
			path = BookstasticTests;
			sourceTree = "<group>";
		};
		5945F10F2B2CEE550011BC2F /* BookstasticUITests */ = {
			isa = PBXGroup;
			children = (
				5945F1102B2CEE550011BC2F /* BookstasticUITests.swift */,
				5945F1122B2CEE550011BC2F /* BookstasticUITestsLaunchTests.swift */,
			);
			path = BookstasticUITests;
			sourceTree = "<group>";
		};
		5945F11F2B2CFCD50011BC2F /* Modules */ = {
			isa = PBXGroup;
			children = (
				5945F14C2B3126F70011BC2F /* BookDetail */,
				5945F1202B2CFCF30011BC2F /* Home */,
			);
			path = Modules;
			sourceTree = "<group>";
		};
		5945F1202B2CFCF30011BC2F /* Home */ = {
			isa = PBXGroup;
			children = (
				5945F1262B2D03E80011BC2F /* Repository */,
				5945F1252B2D03DB0011BC2F /* UseCase */,
				5945F1242B2D03D10011BC2F /* SceneBuilder */,
				5945F1222B2D034D0011BC2F /* Presentation */,
				5945F1212B2D03420011BC2F /* View */,
			);
			path = Home;
			sourceTree = "<group>";
		};
		5945F1212B2D03420011BC2F /* View */ = {
			isa = PBXGroup;
			children = (
				5945F0F02B2CEE540011BC2F /* HomeBooksViewController.swift */,
				5945F1422B2D65E60011BC2F /* BookTableViewCell.swift */,
				5945F1442B2D6F480011BC2F /* BookInfoView.swift */,
				5945F14A2B30F6310011BC2F /* PagingView.swift */,
				5945F1682B314C9E0011BC2F /* FavoriteHeaderFooterView.swift */,
			);
			path = View;
			sourceTree = "<group>";
		};
		5945F1222B2D034D0011BC2F /* Presentation */ = {
			isa = PBXGroup;
			children = (
				5945F12A2B2D06D90011BC2F /* HomeBooksViewModel.swift */,
				5945F12C2B2D06E20011BC2F /* HomeBooksViewModelProtocol.swift */,
				5945F1362B2D2F830011BC2F /* HomeBooksViewModelInput.swift */,
				5945F1382B2D2F8D0011BC2F /* HomeBooksViewModelOutput.swift */,
			);
			path = Presentation;
			sourceTree = "<group>";
		};
		5945F1242B2D03D10011BC2F /* SceneBuilder */ = {
			isa = PBXGroup;
			children = (
				5945F1282B2D04040011BC2F /* HomeBooksSceneBuilder.swift */,
			);
			path = SceneBuilder;
			sourceTree = "<group>";
		};
		5945F1252B2D03DB0011BC2F /* UseCase */ = {
			isa = PBXGroup;
			children = (
				5945F12E2B2D07110011BC2F /* HomeBooksUseCase.swift */,
				5945F1302B2D07170011BC2F /* HomeBooksUseCaseProtocol.swift */,
			);
			path = UseCase;
			sourceTree = "<group>";
		};
		5945F1262B2D03E80011BC2F /* Repository */ = {
			isa = PBXGroup;
			children = (
				5945F1322B2D078C0011BC2F /* HomeBooksRepository.swift */,
				5945F1342B2D07980011BC2F /* HomeBooksRepositoryProtocol.swift */,
			);
			path = Repository;
			sourceTree = "<group>";
		};
		5945F13A2B2D30640011BC2F /* Models */ = {
			isa = PBXGroup;
			children = (
				5945F13B2B2D353B0011BC2F /* Book.swift */,
				5945F1402B2D3D4B0011BC2F /* Bookstastic.swift */,
			);
			path = Models;
			sourceTree = "<group>";
		};
		5945F13D2B2D3B980011BC2F /* Network */ = {
			isa = PBXGroup;
			children = (
				5945F13E2B2D3BA70011BC2F /* ApiRest.swift */,
			);
			path = Network;
			sourceTree = "<group>";
		};
		5945F14C2B3126F70011BC2F /* BookDetail */ = {
			isa = PBXGroup;
			children = (
				5945F15F2B3128600011BC2F /* SceneBuilder */,
				5945F15E2B31285B0011BC2F /* Repository */,
				5945F1512B3127820011BC2F /* UseCase */,
				5945F1502B31277D0011BC2F /* Presentation */,
				5945F14D2B3127020011BC2F /* View */,
			);
			path = BookDetail;
			sourceTree = "<group>";
		};
		5945F14D2B3127020011BC2F /* View */ = {
			isa = PBXGroup;
			children = (
				5945F14E2B3127120011BC2F /* BookDetailViewController.swift */,
				5945F1662B3132C80011BC2F /* DetailBookView.swift */,
			);
			path = View;
			sourceTree = "<group>";
		};
		5945F1502B31277D0011BC2F /* Presentation */ = {
			isa = PBXGroup;
			children = (
				5945F1522B3127960011BC2F /* BookDetailViewModelProtocol.swift */,
				5945F1542B31279D0011BC2F /* BookDetailViewModel.swift */,
				5945F1562B3128220011BC2F /* BookDetailViewModelInput.swift */,
				5945F1582B31282D0011BC2F /* BookDetailViewModelOutput.swift */,
			);
			path = Presentation;
			sourceTree = "<group>";
		};
		5945F1512B3127820011BC2F /* UseCase */ = {
			isa = PBXGroup;
			children = (
				5945F15A2B3128440011BC2F /* BookDetailUseCaseProtocol.swift */,
				5945F15C2B31284F0011BC2F /* BookDetailUseCase.swift */,
			);
			path = UseCase;
			sourceTree = "<group>";
		};
		5945F15E2B31285B0011BC2F /* Repository */ = {
			isa = PBXGroup;
			children = (
				5945F1622B3129100011BC2F /* BookDetailRepository.swift */,
				5945F1642B3129200011BC2F /* BookDetailRepositoryProtocol.swift */,
			);
			path = Repository;
			sourceTree = "<group>";
		};
		5945F15F2B3128600011BC2F /* SceneBuilder */ = {
			isa = PBXGroup;
			children = (
				5945F1602B3128D90011BC2F /* BookDetailSceneBuilder.swift */,
			);
			path = SceneBuilder;
			sourceTree = "<group>";
		};
/* End PBXGroup section */

/* Begin PBXNativeTarget section */
		5945F0E82B2CEE540011BC2F /* Bookstastic */ = {
			isa = PBXNativeTarget;
			buildConfigurationList = 5945F1162B2CEE550011BC2F /* Build configuration list for PBXNativeTarget "Bookstastic" */;
			buildPhases = (
				5945F0E52B2CEE540011BC2F /* Sources */,
				5945F0E62B2CEE540011BC2F /* Frameworks */,
				5945F0E72B2CEE540011BC2F /* Resources */,
			);
			buildRules = (
			);
			dependencies = (
			);
			name = Bookstastic;
			productName = Bookstastic;
			productReference = 5945F0E92B2CEE540011BC2F /* Bookstastic.app */;
			productType = "com.apple.product-type.application";
		};
		5945F1012B2CEE550011BC2F /* BookstasticTests */ = {
			isa = PBXNativeTarget;
			buildConfigurationList = 5945F1192B2CEE550011BC2F /* Build configuration list for PBXNativeTarget "BookstasticTests" */;
			buildPhases = (
				5945F0FE2B2CEE550011BC2F /* Sources */,
				5945F0FF2B2CEE550011BC2F /* Frameworks */,
				5945F1002B2CEE550011BC2F /* Resources */,
			);
			buildRules = (
			);
			dependencies = (
				5945F1042B2CEE550011BC2F /* PBXTargetDependency */,
			);
			name = BookstasticTests;
			productName = BookstasticTests;
			productReference = 5945F1022B2CEE550011BC2F /* BookstasticTests.xctest */;
			productType = "com.apple.product-type.bundle.unit-test";
		};
		5945F10B2B2CEE550011BC2F /* BookstasticUITests */ = {
			isa = PBXNativeTarget;
			buildConfigurationList = 5945F11C2B2CEE550011BC2F /* Build configuration list for PBXNativeTarget "BookstasticUITests" */;
			buildPhases = (
				5945F1082B2CEE550011BC2F /* Sources */,
				5945F1092B2CEE550011BC2F /* Frameworks */,
				5945F10A2B2CEE550011BC2F /* Resources */,
			);
			buildRules = (
			);
			dependencies = (
				5945F10E2B2CEE550011BC2F /* PBXTargetDependency */,
			);
			name = BookstasticUITests;
			productName = BookstasticUITests;
			productReference = 5945F10C2B2CEE550011BC2F /* BookstasticUITests.xctest */;
			productType = "com.apple.product-type.bundle.ui-testing";
		};
/* End PBXNativeTarget section */

/* Begin PBXProject section */
		5945F0E12B2CEE530011BC2F /* Project object */ = {
			isa = PBXProject;
			attributes = {
				BuildIndependentTargetsInParallel = 1;
				LastSwiftUpdateCheck = 1500;
				LastUpgradeCheck = 1500;
				TargetAttributes = {
					5945F0E82B2CEE540011BC2F = {
						CreatedOnToolsVersion = 15.0.1;
					};
					5945F1012B2CEE550011BC2F = {
						CreatedOnToolsVersion = 15.0.1;
						TestTargetID = 5945F0E82B2CEE540011BC2F;
					};
					5945F10B2B2CEE550011BC2F = {
						CreatedOnToolsVersion = 15.0.1;
						TestTargetID = 5945F0E82B2CEE540011BC2F;
					};
				};
			};
			buildConfigurationList = 5945F0E42B2CEE540011BC2F /* Build configuration list for PBXProject "Bookstastic" */;
			compatibilityVersion = "Xcode 14.0";
			developmentRegion = en;
			hasScannedForEncodings = 0;
			knownRegions = (
				en,
				Base,
			);
			mainGroup = 5945F0E02B2CEE530011BC2F;
			productRefGroup = 5945F0EA2B2CEE540011BC2F /* Products */;
			projectDirPath = "";
			projectRoot = "";
			targets = (
				5945F0E82B2CEE540011BC2F /* Bookstastic */,
				5945F1012B2CEE550011BC2F /* BookstasticTests */,
				5945F10B2B2CEE550011BC2F /* BookstasticUITests */,
			);
		};
/* End PBXProject section */

/* Begin PBXResourcesBuildPhase section */
		5945F0E72B2CEE540011BC2F /* Resources */ = {
			isa = PBXResourcesBuildPhase;
			buildActionMask = 2147483647;
			files = (
				5945F0FC2B2CEE550011BC2F /* LaunchScreen.storyboard in Resources */,
				5945F0F92B2CEE550011BC2F /* Assets.xcassets in Resources */,
			);
			runOnlyForDeploymentPostprocessing = 0;
		};
		5945F1002B2CEE550011BC2F /* Resources */ = {
			isa = PBXResourcesBuildPhase;
			buildActionMask = 2147483647;
			files = (
			);
			runOnlyForDeploymentPostprocessing = 0;
		};
		5945F10A2B2CEE550011BC2F /* Resources */ = {
			isa = PBXResourcesBuildPhase;
			buildActionMask = 2147483647;
			files = (
			);
			runOnlyForDeploymentPostprocessing = 0;
		};
/* End PBXResourcesBuildPhase section */

/* Begin PBXSourcesBuildPhase section */
		5945F0E52B2CEE540011BC2F /* Sources */ = {
			isa = PBXSourcesBuildPhase;
			buildActionMask = 2147483647;
			files = (
				5945F0F12B2CEE540011BC2F /* HomeBooksViewController.swift in Sources */,
				5945F15B2B3128440011BC2F /* BookDetailUseCaseProtocol.swift in Sources */,
				5945F12F2B2D07110011BC2F /* HomeBooksUseCase.swift in Sources */,
				5945F1412B2D3D4B0011BC2F /* Bookstastic.swift in Sources */,
				5945F13C2B2D353B0011BC2F /* Book.swift in Sources */,
				5945F1572B3128220011BC2F /* BookDetailViewModelInput.swift in Sources */,
				5945F0ED2B2CEE540011BC2F /* AppDelegate.swift in Sources */,
				5945F1352B2D07980011BC2F /* HomeBooksRepositoryProtocol.swift in Sources */,
				5945F1372B2D2F830011BC2F /* HomeBooksViewModelInput.swift in Sources */,
				5945F14B2B30F6310011BC2F /* PagingView.swift in Sources */,
				5945F13F2B2D3BA70011BC2F /* ApiRest.swift in Sources */,
				5945F1432B2D65E60011BC2F /* BookTableViewCell.swift in Sources */,
				5945F1312B2D07170011BC2F /* HomeBooksUseCaseProtocol.swift in Sources */,
				5945F1672B3132C80011BC2F /* DetailBookView.swift in Sources */,
				5945F1592B31282D0011BC2F /* BookDetailViewModelOutput.swift in Sources */,
				5945F15D2B31284F0011BC2F /* BookDetailUseCase.swift in Sources */,
				5945F12D2B2D06E20011BC2F /* HomeBooksViewModelProtocol.swift in Sources */,
				5945F16C2B3152030011BC2F /* Bookstastic.xcdatamodeld in Sources */,
				5945F1532B3127960011BC2F /* BookDetailViewModelProtocol.swift in Sources */,
				5945F0EF2B2CEE540011BC2F /* SceneDelegate.swift in Sources */,
				5945F1632B3129100011BC2F /* BookDetailRepository.swift in Sources */,
				5945F1692B314C9E0011BC2F /* FavoriteHeaderFooterView.swift in Sources */,
				5945F1652B3129200011BC2F /* BookDetailRepositoryProtocol.swift in Sources */,
				5945F14F2B3127120011BC2F /* BookDetailViewController.swift in Sources */,
				5945F12B2B2D06D90011BC2F /* HomeBooksViewModel.swift in Sources */,
				5945F1392B2D2F8D0011BC2F /* HomeBooksViewModelOutput.swift in Sources */,
				5945F1552B31279D0011BC2F /* BookDetailViewModel.swift in Sources */,
				5945F1452B2D6F480011BC2F /* BookInfoView.swift in Sources */,
				5945F1612B3128D90011BC2F /* BookDetailSceneBuilder.swift in Sources */,
				5945F1292B2D04040011BC2F /* HomeBooksSceneBuilder.swift in Sources */,
				5945F1332B2D078C0011BC2F /* HomeBooksRepository.swift in Sources */,
			);
			runOnlyForDeploymentPostprocessing = 0;
		};
		5945F0FE2B2CEE550011BC2F /* Sources */ = {
			isa = PBXSourcesBuildPhase;
			buildActionMask = 2147483647;
			files = (
				5945F1072B2CEE550011BC2F /* BookstasticTests.swift in Sources */,
			);
			runOnlyForDeploymentPostprocessing = 0;
		};
		5945F1082B2CEE550011BC2F /* Sources */ = {
			isa = PBXSourcesBuildPhase;
			buildActionMask = 2147483647;
			files = (
				5945F1112B2CEE550011BC2F /* BookstasticUITests.swift in Sources */,
				5945F1132B2CEE550011BC2F /* BookstasticUITestsLaunchTests.swift in Sources */,
			);
			runOnlyForDeploymentPostprocessing = 0;
		};
/* End PBXSourcesBuildPhase section */

/* Begin PBXTargetDependency section */
		5945F1042B2CEE550011BC2F /* PBXTargetDependency */ = {
			isa = PBXTargetDependency;
			target = 5945F0E82B2CEE540011BC2F /* Bookstastic */;
			targetProxy = 5945F1032B2CEE550011BC2F /* PBXContainerItemProxy */;
		};
		5945F10E2B2CEE550011BC2F /* PBXTargetDependency */ = {
			isa = PBXTargetDependency;
			target = 5945F0E82B2CEE540011BC2F /* Bookstastic */;
			targetProxy = 5945F10D2B2CEE550011BC2F /* PBXContainerItemProxy */;
		};
/* End PBXTargetDependency section */

/* Begin PBXVariantGroup section */
		5945F0FA2B2CEE550011BC2F /* LaunchScreen.storyboard */ = {
			isa = PBXVariantGroup;
			children = (
				5945F0FB2B2CEE550011BC2F /* Base */,
			);
			name = LaunchScreen.storyboard;
			sourceTree = "<group>";
		};
/* End PBXVariantGroup section */

/* Begin XCBuildConfiguration section */
		5945F1142B2CEE550011BC2F /* Debug */ = {
			isa = XCBuildConfiguration;
			buildSettings = {
				ALWAYS_SEARCH_USER_PATHS = NO;
				ASSETCATALOG_COMPILER_GENERATE_SWIFT_ASSET_SYMBOL_EXTENSIONS = YES;
				CLANG_ANALYZER_NONNULL = YES;
				CLANG_ANALYZER_NUMBER_OBJECT_CONVERSION = YES_AGGRESSIVE;
				CLANG_CXX_LANGUAGE_STANDARD = "gnu++20";
				CLANG_ENABLE_MODULES = YES;
				CLANG_ENABLE_OBJC_ARC = YES;
				CLANG_ENABLE_OBJC_WEAK = YES;
				CLANG_WARN_BLOCK_CAPTURE_AUTORELEASING = YES;
				CLANG_WARN_BOOL_CONVERSION = YES;
				CLANG_WARN_COMMA = YES;
				CLANG_WARN_CONSTANT_CONVERSION = YES;
				CLANG_WARN_DEPRECATED_OBJC_IMPLEMENTATIONS = YES;
				CLANG_WARN_DIRECT_OBJC_ISA_USAGE = YES_ERROR;
				CLANG_WARN_DOCUMENTATION_COMMENTS = YES;
				CLANG_WARN_EMPTY_BODY = YES;
				CLANG_WARN_ENUM_CONVERSION = YES;
				CLANG_WARN_INFINITE_RECURSION = YES;
				CLANG_WARN_INT_CONVERSION = YES;
				CLANG_WARN_NON_LITERAL_NULL_CONVERSION = YES;
				CLANG_WARN_OBJC_IMPLICIT_RETAIN_SELF = YES;
				CLANG_WARN_OBJC_LITERAL_CONVERSION = YES;
				CLANG_WARN_OBJC_ROOT_CLASS = YES_ERROR;
				CLANG_WARN_QUOTED_INCLUDE_IN_FRAMEWORK_HEADER = YES;
				CLANG_WARN_RANGE_LOOP_ANALYSIS = YES;
				CLANG_WARN_STRICT_PROTOTYPES = YES;
				CLANG_WARN_SUSPICIOUS_MOVE = YES;
				CLANG_WARN_UNGUARDED_AVAILABILITY = YES_AGGRESSIVE;
				CLANG_WARN_UNREACHABLE_CODE = YES;
				CLANG_WARN__DUPLICATE_METHOD_MATCH = YES;
				COPY_PHASE_STRIP = NO;
				DEBUG_INFORMATION_FORMAT = dwarf;
				ENABLE_STRICT_OBJC_MSGSEND = YES;
				ENABLE_TESTABILITY = YES;
				ENABLE_USER_SCRIPT_SANDBOXING = YES;
				GCC_C_LANGUAGE_STANDARD = gnu17;
				GCC_DYNAMIC_NO_PIC = NO;
				GCC_NO_COMMON_BLOCKS = YES;
				GCC_OPTIMIZATION_LEVEL = 0;
				GCC_PREPROCESSOR_DEFINITIONS = (
					"DEBUG=1",
					"$(inherited)",
				);
				GCC_WARN_64_TO_32_BIT_CONVERSION = YES;
				GCC_WARN_ABOUT_RETURN_TYPE = YES_ERROR;
				GCC_WARN_UNDECLARED_SELECTOR = YES;
				GCC_WARN_UNINITIALIZED_AUTOS = YES_AGGRESSIVE;
				GCC_WARN_UNUSED_FUNCTION = YES;
				GCC_WARN_UNUSED_VARIABLE = YES;
				IPHONEOS_DEPLOYMENT_TARGET = 17.0;
				LOCALIZATION_PREFERS_STRING_CATALOGS = YES;
				MTL_ENABLE_DEBUG_INFO = INCLUDE_SOURCE;
				MTL_FAST_MATH = YES;
				ONLY_ACTIVE_ARCH = YES;
				SDKROOT = iphoneos;
				SWIFT_ACTIVE_COMPILATION_CONDITIONS = "DEBUG $(inherited)";
				SWIFT_OPTIMIZATION_LEVEL = "-Onone";
			};
			name = Debug;
		};
		5945F1152B2CEE550011BC2F /* Release */ = {
			isa = XCBuildConfiguration;
			buildSettings = {
				ALWAYS_SEARCH_USER_PATHS = NO;
				ASSETCATALOG_COMPILER_GENERATE_SWIFT_ASSET_SYMBOL_EXTENSIONS = YES;
				CLANG_ANALYZER_NONNULL = YES;
				CLANG_ANALYZER_NUMBER_OBJECT_CONVERSION = YES_AGGRESSIVE;
				CLANG_CXX_LANGUAGE_STANDARD = "gnu++20";
				CLANG_ENABLE_MODULES = YES;
				CLANG_ENABLE_OBJC_ARC = YES;
				CLANG_ENABLE_OBJC_WEAK = YES;
				CLANG_WARN_BLOCK_CAPTURE_AUTORELEASING = YES;
				CLANG_WARN_BOOL_CONVERSION = YES;
				CLANG_WARN_COMMA = YES;
				CLANG_WARN_CONSTANT_CONVERSION = YES;
				CLANG_WARN_DEPRECATED_OBJC_IMPLEMENTATIONS = YES;
				CLANG_WARN_DIRECT_OBJC_ISA_USAGE = YES_ERROR;
				CLANG_WARN_DOCUMENTATION_COMMENTS = YES;
				CLANG_WARN_EMPTY_BODY = YES;
				CLANG_WARN_ENUM_CONVERSION = YES;
				CLANG_WARN_INFINITE_RECURSION = YES;
				CLANG_WARN_INT_CONVERSION = YES;
				CLANG_WARN_NON_LITERAL_NULL_CONVERSION = YES;
				CLANG_WARN_OBJC_IMPLICIT_RETAIN_SELF = YES;
				CLANG_WARN_OBJC_LITERAL_CONVERSION = YES;
				CLANG_WARN_OBJC_ROOT_CLASS = YES_ERROR;
				CLANG_WARN_QUOTED_INCLUDE_IN_FRAMEWORK_HEADER = YES;
				CLANG_WARN_RANGE_LOOP_ANALYSIS = YES;
				CLANG_WARN_STRICT_PROTOTYPES = YES;
				CLANG_WARN_SUSPICIOUS_MOVE = YES;
				CLANG_WARN_UNGUARDED_AVAILABILITY = YES_AGGRESSIVE;
				CLANG_WARN_UNREACHABLE_CODE = YES;
				CLANG_WARN__DUPLICATE_METHOD_MATCH = YES;
				COPY_PHASE_STRIP = NO;
				DEBUG_INFORMATION_FORMAT = "dwarf-with-dsym";
				ENABLE_NS_ASSERTIONS = NO;
				ENABLE_STRICT_OBJC_MSGSEND = YES;
				ENABLE_USER_SCRIPT_SANDBOXING = YES;
				GCC_C_LANGUAGE_STANDARD = gnu17;
				GCC_NO_COMMON_BLOCKS = YES;
				GCC_WARN_64_TO_32_BIT_CONVERSION = YES;
				GCC_WARN_ABOUT_RETURN_TYPE = YES_ERROR;
				GCC_WARN_UNDECLARED_SELECTOR = YES;
				GCC_WARN_UNINITIALIZED_AUTOS = YES_AGGRESSIVE;
				GCC_WARN_UNUSED_FUNCTION = YES;
				GCC_WARN_UNUSED_VARIABLE = YES;
				IPHONEOS_DEPLOYMENT_TARGET = 17.0;
				LOCALIZATION_PREFERS_STRING_CATALOGS = YES;
				MTL_ENABLE_DEBUG_INFO = NO;
				MTL_FAST_MATH = YES;
				SDKROOT = iphoneos;
				SWIFT_COMPILATION_MODE = wholemodule;
				VALIDATE_PRODUCT = YES;
			};
			name = Release;
		};
		5945F1172B2CEE550011BC2F /* Debug */ = {
			isa = XCBuildConfiguration;
			buildSettings = {
				ASSETCATALOG_COMPILER_APPICON_NAME = AppIcon;
				ASSETCATALOG_COMPILER_GLOBAL_ACCENT_COLOR_NAME = AccentColor;
				CODE_SIGN_STYLE = Automatic;
				CURRENT_PROJECT_VERSION = 1;
				DEVELOPMENT_TEAM = RP6NBM8N9Y;
				GENERATE_INFOPLIST_FILE = YES;
				INFOPLIST_FILE = Bookstastic/Info.plist;
				INFOPLIST_KEY_UIApplicationSupportsIndirectInputEvents = YES;
				INFOPLIST_KEY_UILaunchStoryboardName = LaunchScreen;
				INFOPLIST_KEY_UISupportedInterfaceOrientations = UIInterfaceOrientationPortrait;
				INFOPLIST_KEY_UISupportedInterfaceOrientations_iPad = "UIInterfaceOrientationPortrait UIInterfaceOrientationPortraitUpsideDown";
				LD_RUNPATH_SEARCH_PATHS = (
					"$(inherited)",
					"@executable_path/Frameworks",
				);
				MARKETING_VERSION = 1.0;
				PRODUCT_BUNDLE_IDENTIFIER = com.seedvi.Bookstastic;
				PRODUCT_NAME = "$(TARGET_NAME)";
				SWIFT_EMIT_LOC_STRINGS = YES;
				SWIFT_VERSION = 5.0;
				TARGETED_DEVICE_FAMILY = "1,2";
			};
			name = Debug;
		};
		5945F1182B2CEE550011BC2F /* Release */ = {
			isa = XCBuildConfiguration;
			buildSettings = {
				ASSETCATALOG_COMPILER_APPICON_NAME = AppIcon;
				ASSETCATALOG_COMPILER_GLOBAL_ACCENT_COLOR_NAME = AccentColor;
				CODE_SIGN_STYLE = Automatic;
				CURRENT_PROJECT_VERSION = 1;
				DEVELOPMENT_TEAM = RP6NBM8N9Y;
				GENERATE_INFOPLIST_FILE = YES;
				INFOPLIST_FILE = Bookstastic/Info.plist;
				INFOPLIST_KEY_UIApplicationSupportsIndirectInputEvents = YES;
				INFOPLIST_KEY_UILaunchStoryboardName = LaunchScreen;
				INFOPLIST_KEY_UISupportedInterfaceOrientations = UIInterfaceOrientationPortrait;
				INFOPLIST_KEY_UISupportedInterfaceOrientations_iPad = "UIInterfaceOrientationPortrait UIInterfaceOrientationPortraitUpsideDown";
				LD_RUNPATH_SEARCH_PATHS = (
					"$(inherited)",
					"@executable_path/Frameworks",
				);
				MARKETING_VERSION = 1.0;
				PRODUCT_BUNDLE_IDENTIFIER = com.seedvi.Bookstastic;
				PRODUCT_NAME = "$(TARGET_NAME)";
				SWIFT_EMIT_LOC_STRINGS = YES;
				SWIFT_VERSION = 5.0;
				TARGETED_DEVICE_FAMILY = "1,2";
			};
			name = Release;
		};
		5945F11A2B2CEE550011BC2F /* Debug */ = {
			isa = XCBuildConfiguration;
			buildSettings = {
				ALWAYS_EMBED_SWIFT_STANDARD_LIBRARIES = YES;
				BUNDLE_LOADER = "$(TEST_HOST)";
				CODE_SIGN_STYLE = Automatic;
				CURRENT_PROJECT_VERSION = 1;
				DEVELOPMENT_TEAM = RP6NBM8N9Y;
				GENERATE_INFOPLIST_FILE = YES;
				IPHONEOS_DEPLOYMENT_TARGET = 17.0;
				MARKETING_VERSION = 1.0;
				PRODUCT_BUNDLE_IDENTIFIER = com.seedvi.BookstasticTests;
				PRODUCT_NAME = "$(TARGET_NAME)";
				SWIFT_EMIT_LOC_STRINGS = NO;
				SWIFT_VERSION = 5.0;
				TARGETED_DEVICE_FAMILY = "1,2";
				TEST_HOST = "$(BUILT_PRODUCTS_DIR)/Bookstastic.app/$(BUNDLE_EXECUTABLE_FOLDER_PATH)/Bookstastic";
			};
			name = Debug;
		};
		5945F11B2B2CEE550011BC2F /* Release */ = {
			isa = XCBuildConfiguration;
			buildSettings = {
				ALWAYS_EMBED_SWIFT_STANDARD_LIBRARIES = YES;
				BUNDLE_LOADER = "$(TEST_HOST)";
				CODE_SIGN_STYLE = Automatic;
				CURRENT_PROJECT_VERSION = 1;
				DEVELOPMENT_TEAM = RP6NBM8N9Y;
				GENERATE_INFOPLIST_FILE = YES;
				IPHONEOS_DEPLOYMENT_TARGET = 17.0;
				MARKETING_VERSION = 1.0;
				PRODUCT_BUNDLE_IDENTIFIER = com.seedvi.BookstasticTests;
				PRODUCT_NAME = "$(TARGET_NAME)";
				SWIFT_EMIT_LOC_STRINGS = NO;
				SWIFT_VERSION = 5.0;
				TARGETED_DEVICE_FAMILY = "1,2";
				TEST_HOST = "$(BUILT_PRODUCTS_DIR)/Bookstastic.app/$(BUNDLE_EXECUTABLE_FOLDER_PATH)/Bookstastic";
			};
			name = Release;
		};
		5945F11D2B2CEE550011BC2F /* Debug */ = {
			isa = XCBuildConfiguration;
			buildSettings = {
				ALWAYS_EMBED_SWIFT_STANDARD_LIBRARIES = YES;
				CODE_SIGN_STYLE = Automatic;
				CURRENT_PROJECT_VERSION = 1;
				DEVELOPMENT_TEAM = RP6NBM8N9Y;
				GENERATE_INFOPLIST_FILE = YES;
				MARKETING_VERSION = 1.0;
				PRODUCT_BUNDLE_IDENTIFIER = com.seedvi.BookstasticUITests;
				PRODUCT_NAME = "$(TARGET_NAME)";
				SWIFT_EMIT_LOC_STRINGS = NO;
				SWIFT_VERSION = 5.0;
				TARGETED_DEVICE_FAMILY = "1,2";
				TEST_TARGET_NAME = Bookstastic;
			};
			name = Debug;
		};
		5945F11E2B2CEE550011BC2F /* Release */ = {
			isa = XCBuildConfiguration;
			buildSettings = {
				ALWAYS_EMBED_SWIFT_STANDARD_LIBRARIES = YES;
				CODE_SIGN_STYLE = Automatic;
				CURRENT_PROJECT_VERSION = 1;
				DEVELOPMENT_TEAM = RP6NBM8N9Y;
				GENERATE_INFOPLIST_FILE = YES;
				MARKETING_VERSION = 1.0;
				PRODUCT_BUNDLE_IDENTIFIER = com.seedvi.BookstasticUITests;
				PRODUCT_NAME = "$(TARGET_NAME)";
				SWIFT_EMIT_LOC_STRINGS = NO;
				SWIFT_VERSION = 5.0;
				TARGETED_DEVICE_FAMILY = "1,2";
				TEST_TARGET_NAME = Bookstastic;
			};
			name = Release;
		};
/* End XCBuildConfiguration section */

/* Begin XCConfigurationList section */
		5945F0E42B2CEE540011BC2F /* Build configuration list for PBXProject "Bookstastic" */ = {
			isa = XCConfigurationList;
			buildConfigurations = (
				5945F1142B2CEE550011BC2F /* Debug */,
				5945F1152B2CEE550011BC2F /* Release */,
			);
			defaultConfigurationIsVisible = 0;
			defaultConfigurationName = Release;
		};
		5945F1162B2CEE550011BC2F /* Build configuration list for PBXNativeTarget "Bookstastic" */ = {
			isa = XCConfigurationList;
			buildConfigurations = (
				5945F1172B2CEE550011BC2F /* Debug */,
				5945F1182B2CEE550011BC2F /* Release */,
			);
			defaultConfigurationIsVisible = 0;
			defaultConfigurationName = Release;
		};
		5945F1192B2CEE550011BC2F /* Build configuration list for PBXNativeTarget "BookstasticTests" */ = {
			isa = XCConfigurationList;
			buildConfigurations = (
				5945F11A2B2CEE550011BC2F /* Debug */,
				5945F11B2B2CEE550011BC2F /* Release */,
			);
			defaultConfigurationIsVisible = 0;
			defaultConfigurationName = Release;
		};
		5945F11C2B2CEE550011BC2F /* Build configuration list for PBXNativeTarget "BookstasticUITests" */ = {
			isa = XCConfigurationList;
			buildConfigurations = (
				5945F11D2B2CEE550011BC2F /* Debug */,
				5945F11E2B2CEE550011BC2F /* Release */,
			);
			defaultConfigurationIsVisible = 0;
			defaultConfigurationName = Release;
		};
/* End XCConfigurationList section */

/* Begin XCVersionGroup section */
		5945F16A2B3152030011BC2F /* Bookstastic.xcdatamodeld */ = {
			isa = XCVersionGroup;
			children = (
				5945F16B2B3152030011BC2F /* Bookstastic.xcdatamodel */,
			);
			currentVersion = 5945F16B2B3152030011BC2F /* Bookstastic.xcdatamodel */;
			path = Bookstastic.xcdatamodeld;
			sourceTree = "<group>";
			versionGroupType = wrapper.xcdatamodel;
		};
/* End XCVersionGroup section */
	};
	rootObject = 5945F0E12B2CEE530011BC2F /* Project object */;
}
